
Microsoft Visual Studio Solution File, Format Version 12.00
# Visual Studio Version 17
VisualStudioVersion = 17.0.31512.422
MinimumVisualStudioVersion = 10.0.40219.1
Project("{FAE04EC0-301F-11D3-BF4B-00C04F79EFBC}") = "MvcWebApp", "MvcWebApp\MvcWebApp.csproj", "{7233D482-15C7-49BD-A977-11D948751EBE}"
EndProject
Project("{FAE04EC0-301F-11D3-BF4B-00C04F79EFBC}") = "Tests", "Tests\Tests.csproj", "{9F29F840-735F-429B-8550-620864063C68}"
EndProject
Global
	GlobalSection(SolutionConfigurationPlatforms) = preSolution
		Debug|Any CPU = Debug|Any CPU
		Release|Any CPU = Release|Any CPU
	EndGlobalSection
	GlobalSection(ProjectConfigurationPlatforms) = postSolution
		{7233D482-15C7-49BD-A977-11D948751EBE}.Debug|Any CPU.ActiveCfg = Debug|Any CPU
		{7233D482-15C7-49BD-A977-11D948751EBE}.Debug|Any CPU.Build.0 = Debug|Any CPU
		{7233D482-15C7-49BD-A977-11D948751EBE}.Release|Any CPU.ActiveCfg = Release|Any CPU
		{7233D482-15C7-49BD-A977-11D948751EBE}.Release|Any CPU.Build.0 = Release|Any CPU
		{9F29F840-735F-429B-8550-620864063C68}.Debug|Any CPU.ActiveCfg = Debug|Any CPU
		{9F29F840-735F-429B-8550-620864063C68}.Debug|Any CPU.Build.0 = Debug|Any CPU
		{9F29F840-735F-429B-8550-620864063C68}.Release|Any CPU.ActiveCfg = Release|Any CPU
		{9F29F840-735F-429B-8550-620864063C68}.Release|Any CPU.Build.0 = Release|Any CPU
	EndGlobalSection
	GlobalSection(SolutionProperties) = preSolution
		HideSolutionNode = FALSE
	EndGlobalSection
	GlobalSection(ExtensibilityGlobals) = postSolution
		SolutionGuid = {D634A992-1DE7-48E7-8687-1BE7B7747D91}
	EndGlobalSection
EndGlobal
